
Microsoft Visual Studio Solution File, Format Version 12.00
# Visual Studio 15
VisualStudioVersion = 15.0.27703.2042
MinimumVisualStudioVersion = 10.0.40219.1
Project("{FAE04EC0-301F-11D3-BF4B-00C04F79EFBC}") = "Dungeon", "Dungeon\Dungeon.csproj", "{17570F98-7549-40BF-86B9-A520B2C66F19}"
EndProject
Project("{FAE04EC0-301F-11D3-BF4B-00C04F79EFBC}") = "Engine", "Engine\Engine.csproj", "{21D844C5-CD2E-48AF-BE78-01DC95DB3D8F}"
EndProject
Global
	GlobalSection(SolutionConfigurationPlatforms) = preSolution
		Debug|Any CPU = Debug|Any CPU
		Debug|x64 = Debug|x64
		Debug|x86 = Debug|x86
		Release|Any CPU = Release|Any CPU
		Release|x64 = Release|x64
		Release|x86 = Release|x86
	EndGlobalSection
	GlobalSection(ProjectConfigurationPlatforms) = postSolution
		{17570F98-7549-40BF-86B9-A520B2C66F19}.Debug|Any CPU.ActiveCfg = Debug|Any CPU
		{17570F98-7549-40BF-86B9-A520B2C66F19}.Debug|Any CPU.Build.0 = Debug|Any CPU
		{17570F98-7549-40BF-86B9-A520B2C66F19}.Debug|x64.ActiveCfg = Debug|x64
		{17570F98-7549-40BF-86B9-A520B2C66F19}.Debug|x64.Build.0 = Debug|x64
		{17570F98-7549-40BF-86B9-A520B2C66F19}.Debug|x86.ActiveCfg = Debug|Any CPU
		{17570F98-7549-40BF-86B9-A520B2C66F19}.Debug|x86.Build.0 = Debug|Any CPU
		{17570F98-7549-40BF-86B9-A520B2C66F19}.Release|Any CPU.ActiveCfg = Release|Any CPU
		{17570F98-7549-40BF-86B9-A520B2C66F19}.Release|Any CPU.Build.0 = Release|Any CPU
		{17570F98-7549-40BF-86B9-A520B2C66F19}.Release|x64.ActiveCfg = Release|Any CPU
		{17570F98-7549-40BF-86B9-A520B2C66F19}.Release|x64.Build.0 = Release|Any CPU
		{17570F98-7549-40BF-86B9-A520B2C66F19}.Release|x86.ActiveCfg = Release|Any CPU
		{17570F98-7549-40BF-86B9-A520B2C66F19}.Release|x86.Build.0 = Release|Any CPU
		{21D844C5-CD2E-48AF-BE78-01DC95DB3D8F}.Debug|Any CPU.ActiveCfg = Debug|Any CPU
		{21D844C5-CD2E-48AF-BE78-01DC95DB3D8F}.Debug|Any CPU.Build.0 = Debug|Any CPU
		{21D844C5-CD2E-48AF-BE78-01DC95DB3D8F}.Debug|x64.ActiveCfg = Debug|x64
		{21D844C5-CD2E-48AF-BE78-01DC95DB3D8F}.Debug|x64.Build.0 = Debug|x64
		{21D844C5-CD2E-48AF-BE78-01DC95DB3D8F}.Debug|x86.ActiveCfg = Debug|x86
		{21D844C5-CD2E-48AF-BE78-01DC95DB3D8F}.Debug|x86.Build.0 = Debug|x86
		{21D844C5-CD2E-48AF-BE78-01DC95DB3D8F}.Release|Any CPU.ActiveCfg = Release|Any CPU
		{21D844C5-CD2E-48AF-BE78-01DC95DB3D8F}.Release|Any CPU.Build.0 = Release|Any CPU
		{21D844C5-CD2E-48AF-BE78-01DC95DB3D8F}.Release|x64.ActiveCfg = Release|x64
		{21D844C5-CD2E-48AF-BE78-01DC95DB3D8F}.Release|x64.Build.0 = Release|x64
		{21D844C5-CD2E-48AF-BE78-01DC95DB3D8F}.Release|x86.ActiveCfg = Release|x86
		{21D844C5-CD2E-48AF-BE78-01DC95DB3D8F}.Release|x86.Build.0 = Release|x86
	EndGlobalSection
	GlobalSection(SolutionProperties) = preSolution
		HideSolutionNode = FALSE
	EndGlobalSection
	GlobalSection(ExtensibilityGlobals) = postSolution
		SolutionGuid = {92C822CB-E5D5-406D-9F56-88DF10627B7E}
	EndGlobalSection
EndGlobal
